
Microsoft Visual Studio Solution File, Format Version 12.00
# Visual Studio 15
VisualStudioVersion = 15.0.26430.14
MinimumVisualStudioVersion = 10.0.40219.1
Project("{F2A71F9B-5D33-465A-A702-920D77279786}") = "ProcessSample", "ProcessSample\ProcessSample.fsproj", "{703F0185-06DF-4680-8740-B0454E911BCC}"
EndProject
Project("{F2A71F9B-5D33-465A-A702-920D77279786}") = "ProcessSample.Toolset", "ProcessSample.Toolset\ProcessSample.Toolset.fsproj", "{28B07ED9-2B32-42D5-A906-908F47149D24}"
EndProject
Global
	GlobalSection(SolutionConfigurationPlatforms) = preSolution
		Debug|Any CPU = Debug|Any CPU
		Release|Any CPU = Release|Any CPU
	EndGlobalSection
	GlobalSection(ProjectConfigurationPlatforms) = postSolution
		{703F0185-06DF-4680-8740-B0454E911BCC}.Debug|Any CPU.ActiveCfg = Debug|Any CPU
		{703F0185-06DF-4680-8740-B0454E911BCC}.Debug|Any CPU.Build.0 = Debug|Any CPU
		{703F0185-06DF-4680-8740-B0454E911BCC}.Release|Any CPU.ActiveCfg = Release|Any CPU
		{703F0185-06DF-4680-8740-B0454E911BCC}.Release|Any CPU.Build.0 = Release|Any CPU
		{28B07ED9-2B32-42D5-A906-908F47149D24}.Debug|Any CPU.ActiveCfg = Debug|Any CPU
		{28B07ED9-2B32-42D5-A906-908F47149D24}.Debug|Any CPU.Build.0 = Debug|Any CPU
		{28B07ED9-2B32-42D5-A906-908F47149D24}.Release|Any CPU.ActiveCfg = Release|Any CPU
		{28B07ED9-2B32-42D5-A906-908F47149D24}.Release|Any CPU.Build.0 = Release|Any CPU
	EndGlobalSection
	GlobalSection(SolutionProperties) = preSolution
		HideSolutionNode = FALSE
	EndGlobalSection
EndGlobal
