Microsoft Visual Studio Solution File, Format Version 12.00
# Visual Studio 15
VisualStudioVersion = 15.0.27004.2010
MinimumVisualStudioVersion = 15.0.26124.0
Project("{6EC3EE1D-3C4E-46DD-8F32-0CC8E7565705}") = "Composite.Core", "Composite.Core\Composite.Core.fsproj", "{6EC62221-646B-4E50-AAE5-380A687EE17A}"
EndProject
Project("{9A19103F-16F7-4668-BE54-9A1E7A4F7556}") = "Composite.Cs.Tests", "Composite.Cs.Tests\Composite.Cs.Tests.csproj", "{22E0DCA3-E07C-45E7-840A-F86AAF6B607A}"
EndProject
Project("{6EC3EE1D-3C4E-46DD-8F32-0CC8E7565705}") = "Composite.Fs.Tests", "Composite.Fs.Tests\Composite.Fs.Tests.fsproj", "{2455BD2A-6DFC-47A5-8AE4-C01F58D16AE5}"
EndProject
Project("{6EC3EE1D-3C4E-46DD-8F32-0CC8E7565705}") = "Composite.Common", "Composite.Common\Composite.Common.fsproj", "{49188EB3-433E-487D-9A57-7E8761E287AB}"
EndProject
Global
	GlobalSection(SolutionConfigurationPlatforms) = preSolution
		Debug|Any CPU = Debug|Any CPU
		Debug|x64 = Debug|x64
		Debug|x86 = Debug|x86
		Release|Any CPU = Release|Any CPU
		Release|x64 = Release|x64
		Release|x86 = Release|x86
	EndGlobalSection
	GlobalSection(ProjectConfigurationPlatforms) = postSolution
		{6EC62221-646B-4E50-AAE5-380A687EE17A}.Debug|Any CPU.ActiveCfg = Debug|Any CPU
		{6EC62221-646B-4E50-AAE5-380A687EE17A}.Debug|Any CPU.Build.0 = Debug|Any CPU
		{6EC62221-646B-4E50-AAE5-380A687EE17A}.Debug|x64.ActiveCfg = Debug|Any CPU
		{6EC62221-646B-4E50-AAE5-380A687EE17A}.Debug|x64.Build.0 = Debug|Any CPU
		{6EC62221-646B-4E50-AAE5-380A687EE17A}.Debug|x86.ActiveCfg = Debug|Any CPU
		{6EC62221-646B-4E50-AAE5-380A687EE17A}.Debug|x86.Build.0 = Debug|Any CPU
		{6EC62221-646B-4E50-AAE5-380A687EE17A}.Release|Any CPU.ActiveCfg = Release|Any CPU
		{6EC62221-646B-4E50-AAE5-380A687EE17A}.Release|Any CPU.Build.0 = Release|Any CPU
		{6EC62221-646B-4E50-AAE5-380A687EE17A}.Release|x64.ActiveCfg = Release|Any CPU
		{6EC62221-646B-4E50-AAE5-380A687EE17A}.Release|x64.Build.0 = Release|Any CPU
		{6EC62221-646B-4E50-AAE5-380A687EE17A}.Release|x86.ActiveCfg = Release|Any CPU
		{6EC62221-646B-4E50-AAE5-380A687EE17A}.Release|x86.Build.0 = Release|Any CPU
		{22E0DCA3-E07C-45E7-840A-F86AAF6B607A}.Debug|Any CPU.ActiveCfg = Debug|Any CPU
		{22E0DCA3-E07C-45E7-840A-F86AAF6B607A}.Debug|Any CPU.Build.0 = Debug|Any CPU
		{22E0DCA3-E07C-45E7-840A-F86AAF6B607A}.Debug|x64.ActiveCfg = Debug|Any CPU
		{22E0DCA3-E07C-45E7-840A-F86AAF6B607A}.Debug|x64.Build.0 = Debug|Any CPU
		{22E0DCA3-E07C-45E7-840A-F86AAF6B607A}.Debug|x86.ActiveCfg = Debug|Any CPU
		{22E0DCA3-E07C-45E7-840A-F86AAF6B607A}.Debug|x86.Build.0 = Debug|Any CPU
		{22E0DCA3-E07C-45E7-840A-F86AAF6B607A}.Release|Any CPU.ActiveCfg = Release|Any CPU
		{22E0DCA3-E07C-45E7-840A-F86AAF6B607A}.Release|Any CPU.Build.0 = Release|Any CPU
		{22E0DCA3-E07C-45E7-840A-F86AAF6B607A}.Release|x64.ActiveCfg = Release|Any CPU
		{22E0DCA3-E07C-45E7-840A-F86AAF6B607A}.Release|x64.Build.0 = Release|Any CPU
		{22E0DCA3-E07C-45E7-840A-F86AAF6B607A}.Release|x86.ActiveCfg = Release|Any CPU
		{22E0DCA3-E07C-45E7-840A-F86AAF6B607A}.Release|x86.Build.0 = Release|Any CPU
		{2455BD2A-6DFC-47A5-8AE4-C01F58D16AE5}.Debug|Any CPU.ActiveCfg = Debug|Any CPU
		{2455BD2A-6DFC-47A5-8AE4-C01F58D16AE5}.Debug|Any CPU.Build.0 = Debug|Any CPU
		{2455BD2A-6DFC-47A5-8AE4-C01F58D16AE5}.Debug|x64.ActiveCfg = Debug|Any CPU
		{2455BD2A-6DFC-47A5-8AE4-C01F58D16AE5}.Debug|x64.Build.0 = Debug|Any CPU
		{2455BD2A-6DFC-47A5-8AE4-C01F58D16AE5}.Debug|x86.ActiveCfg = Debug|Any CPU
		{2455BD2A-6DFC-47A5-8AE4-C01F58D16AE5}.Debug|x86.Build.0 = Debug|Any CPU
		{2455BD2A-6DFC-47A5-8AE4-C01F58D16AE5}.Release|Any CPU.ActiveCfg = Release|Any CPU
		{2455BD2A-6DFC-47A5-8AE4-C01F58D16AE5}.Release|Any CPU.Build.0 = Release|Any CPU
		{2455BD2A-6DFC-47A5-8AE4-C01F58D16AE5}.Release|x64.ActiveCfg = Release|Any CPU
		{2455BD2A-6DFC-47A5-8AE4-C01F58D16AE5}.Release|x64.Build.0 = Release|Any CPU
		{2455BD2A-6DFC-47A5-8AE4-C01F58D16AE5}.Release|x86.ActiveCfg = Release|Any CPU
		{2455BD2A-6DFC-47A5-8AE4-C01F58D16AE5}.Release|x86.Build.0 = Release|Any CPU
		{49188EB3-433E-487D-9A57-7E8761E287AB}.Debug|Any CPU.ActiveCfg = Debug|Any CPU
		{49188EB3-433E-487D-9A57-7E8761E287AB}.Debug|Any CPU.Build.0 = Debug|Any CPU
		{49188EB3-433E-487D-9A57-7E8761E287AB}.Debug|x64.ActiveCfg = Debug|Any CPU
		{49188EB3-433E-487D-9A57-7E8761E287AB}.Debug|x64.Build.0 = Debug|Any CPU
		{49188EB3-433E-487D-9A57-7E8761E287AB}.Debug|x86.ActiveCfg = Debug|Any CPU
		{49188EB3-433E-487D-9A57-7E8761E287AB}.Debug|x86.Build.0 = Debug|Any CPU
		{49188EB3-433E-487D-9A57-7E8761E287AB}.Release|Any CPU.ActiveCfg = Release|Any CPU
		{49188EB3-433E-487D-9A57-7E8761E287AB}.Release|Any CPU.Build.0 = Release|Any CPU
		{49188EB3-433E-487D-9A57-7E8761E287AB}.Release|x64.ActiveCfg = Release|Any CPU
		{49188EB3-433E-487D-9A57-7E8761E287AB}.Release|x64.Build.0 = Release|Any CPU
		{49188EB3-433E-487D-9A57-7E8761E287AB}.Release|x86.ActiveCfg = Release|Any CPU
		{49188EB3-433E-487D-9A57-7E8761E287AB}.Release|x86.Build.0 = Release|Any CPU
	EndGlobalSection
	GlobalSection(SolutionProperties) = preSolution
		HideSolutionNode = FALSE
	EndGlobalSection
	GlobalSection(ExtensibilityGlobals) = postSolution
		SolutionGuid = {FFF01DB5-6637-4FD1-A57D-78DBEF67A0C4}
	EndGlobalSection
EndGlobal
